
Microsoft Visual Studio Solution File, Format Version 12.00
# Visual Studio 15
VisualStudioVersion = 15.0.28307.539
MinimumVisualStudioVersion = 10.0.40219.1
Project("{2150E333-8FDC-42A3-9474-1A3956D46DE8}") = "DomainModel", "DomainModel", "{A8F4A323-52F4-4B8C-A31B-F3D9BFA5367D}"
EndProject
Project("{2150E333-8FDC-42A3-9474-1A3956D46DE8}") = "DataAccess", "DataAccess", "{A8D566CD-AE8D-4009-8535-88ABB42471EC}"
EndProject
Project("{2150E333-8FDC-42A3-9474-1A3956D46DE8}") = "AppWeb", "AppWeb", "{018A17E0-E923-4312-B8EF-0E9A55780729}"
EndProject
Project("{FAE04EC0-301F-11D3-BF4B-00C04F79EFBC}") = "Painel_Projetos.DomainModel", "Painel_Projetos.DataModel\Painel_Projetos.DomainModel.csproj", "{CE81497F-01C5-4FB9-A5B9-A8898E4D4BB3}"
EndProject
Global
	GlobalSection(SolutionConfigurationPlatforms) = preSolution
		Debug|Any CPU = Debug|Any CPU
		Release|Any CPU = Release|Any CPU
	EndGlobalSection
	GlobalSection(ProjectConfigurationPlatforms) = postSolution
		{CE81497F-01C5-4FB9-A5B9-A8898E4D4BB3}.Debug|Any CPU.ActiveCfg = Debug|Any CPU
		{CE81497F-01C5-4FB9-A5B9-A8898E4D4BB3}.Debug|Any CPU.Build.0 = Debug|Any CPU
		{CE81497F-01C5-4FB9-A5B9-A8898E4D4BB3}.Release|Any CPU.ActiveCfg = Release|Any CPU
		{CE81497F-01C5-4FB9-A5B9-A8898E4D4BB3}.Release|Any CPU.Build.0 = Release|Any CPU
	EndGlobalSection
	GlobalSection(SolutionProperties) = preSolution
		HideSolutionNode = FALSE
	EndGlobalSection
	GlobalSection(NestedProjects) = preSolution
		{CE81497F-01C5-4FB9-A5B9-A8898E4D4BB3} = {A8F4A323-52F4-4B8C-A31B-F3D9BFA5367D}
	EndGlobalSection
	GlobalSection(ExtensibilityGlobals) = postSolution
		SolutionGuid = {B220BAEE-5FD4-48A1-84AA-91F716C20AA1}
	EndGlobalSection
EndGlobal
